// !$*UTF8*$!
{
	archiveVersion = 1;
	classes = {
	};
	objectVersion = 55;
	objects = {

/* Begin PBXBuildFile section */
		CF0B7BDF27E68E80008B1C87 /* CoreDataProjectApp.swift in Sources */ = {isa = PBXBuildFile; fileRef = CF0B7BDE27E68E80008B1C87 /* CoreDataProjectApp.swift */; };
		CF0B7BE127E68E80008B1C87 /* ContentView.swift in Sources */ = {isa = PBXBuildFile; fileRef = CF0B7BE027E68E80008B1C87 /* ContentView.swift */; };
		CF0B7BE327E68E81008B1C87 /* Assets.xcassets in Resources */ = {isa = PBXBuildFile; fileRef = CF0B7BE227E68E81008B1C87 /* Assets.xcassets */; };
		CF0B7BE627E68E81008B1C87 /* Preview Assets.xcassets in Resources */ = {isa = PBXBuildFile; fileRef = CF0B7BE527E68E81008B1C87 /* Preview Assets.xcassets */; };
		CF0B7BEE27E68EA4008B1C87 /* CoreDataProject.xcdatamodeld in Sources */ = {isa = PBXBuildFile; fileRef = CF0B7BEC27E68EA4008B1C87 /* CoreDataProject.xcdatamodeld */; };
		CF0B7BF027E68F35008B1C87 /* DataController.swift in Sources */ = {isa = PBXBuildFile; fileRef = CF0B7BEF27E68F35008B1C87 /* DataController.swift */; };
		CF0B7BF327E69DC8008B1C87 /* Singer+CoreDataClass.swift in Sources */ = {isa = PBXBuildFile; fileRef = CF0B7BF127E69DC8008B1C87 /* Singer+CoreDataClass.swift */; };
		CF0B7BF427E69DC8008B1C87 /* Singer+CoreDataProperties.swift in Sources */ = {isa = PBXBuildFile; fileRef = CF0B7BF227E69DC8008B1C87 /* Singer+CoreDataProperties.swift */; };
		CF0B7BF627E69FAE008B1C87 /* FilteredList.swift in Sources */ = {isa = PBXBuildFile; fileRef = CF0B7BF527E69FAE008B1C87 /* FilteredList.swift */; };
		CF0B7BFB27E75E27008B1C87 /* Candy+CoreDataClass.swift in Sources */ = {isa = PBXBuildFile; fileRef = CF0B7BF727E75E27008B1C87 /* Candy+CoreDataClass.swift */; };
		CF0B7BFC27E75E27008B1C87 /* Candy+CoreDataProperties.swift in Sources */ = {isa = PBXBuildFile; fileRef = CF0B7BF827E75E27008B1C87 /* Candy+CoreDataProperties.swift */; };
		CF0B7BFD27E75E27008B1C87 /* Country+CoreDataClass.swift in Sources */ = {isa = PBXBuildFile; fileRef = CF0B7BF927E75E27008B1C87 /* Country+CoreDataClass.swift */; };
		CF0B7BFE27E75E27008B1C87 /* Country+CoreDataProperties.swift in Sources */ = {isa = PBXBuildFile; fileRef = CF0B7BFA27E75E27008B1C87 /* Country+CoreDataProperties.swift */; };
/* End PBXBuildFile section */

/* Begin PBXFileReference section */
		CF0B7BDB27E68E80008B1C87 /* CoreDataProject.app */ = {isa = PBXFileReference; explicitFileType = wrapper.application; includeInIndex = 0; path = CoreDataProject.app; sourceTree = BUILT_PRODUCTS_DIR; };
		CF0B7BDE27E68E80008B1C87 /* CoreDataProjectApp.swift */ = {isa = PBXFileReference; lastKnownFileType = sourcecode.swift; path = CoreDataProjectApp.swift; sourceTree = "<group>"; };
		CF0B7BE027E68E80008B1C87 /* ContentView.swift */ = {isa = PBXFileReference; lastKnownFileType = sourcecode.swift; path = ContentView.swift; sourceTree = "<group>"; };
		CF0B7BE227E68E81008B1C87 /* Assets.xcassets */ = {isa = PBXFileReference; lastKnownFileType = folder.assetcatalog; path = Assets.xcassets; sourceTree = "<group>"; };
		CF0B7BE527E68E81008B1C87 /* Preview Assets.xcassets */ = {isa = PBXFileReference; lastKnownFileType = folder.assetcatalog; path = "Preview Assets.xcassets"; sourceTree = "<group>"; };
		CF0B7BED27E68EA4008B1C87 /* CoreDataProject.xcdatamodel */ = {isa = PBXFileReference; lastKnownFileType = wrapper.xcdatamodel; path = CoreDataProject.xcdatamodel; sourceTree = "<group>"; };
		CF0B7BEF27E68F35008B1C87 /* DataController.swift */ = {isa = PBXFileReference; lastKnownFileType = sourcecode.swift; path = DataController.swift; sourceTree = "<group>"; };
		CF0B7BF127E69DC8008B1C87 /* Singer+CoreDataClass.swift */ = {isa = PBXFileReference; lastKnownFileType = sourcecode.swift; path = "Singer+CoreDataClass.swift"; sourceTree = "<group>"; };
		CF0B7BF227E69DC8008B1C87 /* Singer+CoreDataProperties.swift */ = {isa = PBXFileReference; lastKnownFileType = sourcecode.swift; path = "Singer+CoreDataProperties.swift"; sourceTree = "<group>"; };
		CF0B7BF527E69FAE008B1C87 /* FilteredList.swift */ = {isa = PBXFileReference; lastKnownFileType = sourcecode.swift; path = FilteredList.swift; sourceTree = "<group>"; };
		CF0B7BF727E75E27008B1C87 /* Candy+CoreDataClass.swift */ = {isa = PBXFileReference; lastKnownFileType = sourcecode.swift; path = "Candy+CoreDataClass.swift"; sourceTree = "<group>"; };
		CF0B7BF827E75E27008B1C87 /* Candy+CoreDataProperties.swift */ = {isa = PBXFileReference; lastKnownFileType = sourcecode.swift; path = "Candy+CoreDataProperties.swift"; sourceTree = "<group>"; };
		CF0B7BF927E75E27008B1C87 /* Country+CoreDataClass.swift */ = {isa = PBXFileReference; lastKnownFileType = sourcecode.swift; path = "Country+CoreDataClass.swift"; sourceTree = "<group>"; };
		CF0B7BFA27E75E27008B1C87 /* Country+CoreDataProperties.swift */ = {isa = PBXFileReference; lastKnownFileType = sourcecode.swift; path = "Country+CoreDataProperties.swift"; sourceTree = "<group>"; };
/* End PBXFileReference section */

/* Begin PBXFrameworksBuildPhase section */
		CF0B7BD827E68E80008B1C87 /* Frameworks */ = {
			isa = PBXFrameworksBuildPhase;
			buildActionMask = 2147483647;
			files = (
			);
			runOnlyForDeploymentPostprocessing = 0;
		};
/* End PBXFrameworksBuildPhase section */

/* Begin PBXGroup section */
		CF0B7BD227E68E80008B1C87 = {
			isa = PBXGroup;
			children = (
				CF0B7BDD27E68E80008B1C87 /* CoreDataProject */,
				CF0B7BDC27E68E80008B1C87 /* Products */,
			);
			sourceTree = "<group>";
		};
		CF0B7BDC27E68E80008B1C87 /* Products */ = {
			isa = PBXGroup;
			children = (
				CF0B7BDB27E68E80008B1C87 /* CoreDataProject.app */,
			);
			name = Products;
			sourceTree = "<group>";
		};
		CF0B7BDD27E68E80008B1C87 /* CoreDataProject */ = {
			isa = PBXGroup;
			children = (
				CF0B7BF927E75E27008B1C87 /* Country+CoreDataClass.swift */,
				CF0B7BFA27E75E27008B1C87 /* Country+CoreDataProperties.swift */,
				CF0B7BF727E75E27008B1C87 /* Candy+CoreDataClass.swift */,
				CF0B7BF827E75E27008B1C87 /* Candy+CoreDataProperties.swift */,
				CF0B7BF127E69DC8008B1C87 /* Singer+CoreDataClass.swift */,
				CF0B7BF227E69DC8008B1C87 /* Singer+CoreDataProperties.swift */,
				CF0B7BDE27E68E80008B1C87 /* CoreDataProjectApp.swift */,
				CF0B7BE027E68E80008B1C87 /* ContentView.swift */,
				CF0B7BF527E69FAE008B1C87 /* FilteredList.swift */,
				CF0B7BEF27E68F35008B1C87 /* DataController.swift */,
				CF0B7BEC27E68EA4008B1C87 /* CoreDataProject.xcdatamodeld */,
				CF0B7BE227E68E81008B1C87 /* Assets.xcassets */,
				CF0B7BE427E68E81008B1C87 /* Preview Content */,
			);
			path = CoreDataProject;
			sourceTree = "<group>";
		};
		CF0B7BE427E68E81008B1C87 /* Preview Content */ = {
			isa = PBXGroup;
			children = (
				CF0B7BE527E68E81008B1C87 /* Preview Assets.xcassets */,
			);
			path = "Preview Content";
			sourceTree = "<group>";
		};
/* End PBXGroup section */

/* Begin PBXNativeTarget section */
		CF0B7BDA27E68E80008B1C87 /* CoreDataProject */ = {
			isa = PBXNativeTarget;
			buildConfigurationList = CF0B7BE927E68E81008B1C87 /* Build configuration list for PBXNativeTarget "CoreDataProject" */;
			buildPhases = (
				CF0B7BD727E68E80008B1C87 /* Sources */,
				CF0B7BD827E68E80008B1C87 /* Frameworks */,
				CF0B7BD927E68E80008B1C87 /* Resources */,
			);
			buildRules = (
			);
			dependencies = (
			);
			name = CoreDataProject;
			productName = CoreDataProject;
			productReference = CF0B7BDB27E68E80008B1C87 /* CoreDataProject.app */;
			productType = "com.apple.product-type.application";
		};
/* End PBXNativeTarget section */

/* Begin PBXProject section */
		CF0B7BD327E68E80008B1C87 /* Project object */ = {
			isa = PBXProject;
			attributes = {
				BuildIndependentTargetsInParallel = 1;
				LastSwiftUpdateCheck = 1330;
				LastUpgradeCheck = 1330;
				TargetAttributes = {
					CF0B7BDA27E68E80008B1C87 = {
						CreatedOnToolsVersion = 13.3;
					};
				};
			};
			buildConfigurationList = CF0B7BD627E68E80008B1C87 /* Build configuration list for PBXProject "CoreDataProject" */;
			compatibilityVersion = "Xcode 13.0";
			developmentRegion = en;
			hasScannedForEncodings = 0;
			knownRegions = (
				en,
				Base,
			);
			mainGroup = CF0B7BD227E68E80008B1C87;
			productRefGroup = CF0B7BDC27E68E80008B1C87 /* Products */;
			projectDirPath = "";
			projectRoot = "";
			targets = (
				CF0B7BDA27E68E80008B1C87 /* CoreDataProject */,
			);
		};
/* End PBXProject section */

/* Begin PBXResourcesBuildPhase section */
		CF0B7BD927E68E80008B1C87 /* Resources */ = {
			isa = PBXResourcesBuildPhase;
			buildActionMask = 2147483647;
			files = (
				CF0B7BE627E68E81008B1C87 /* Preview Assets.xcassets in Resources */,
				CF0B7BE327E68E81008B1C87 /* Assets.xcassets in Resources */,
			);
			runOnlyForDeploymentPostprocessing = 0;
		};
/* End PBXResourcesBuildPhase section */

/* Begin PBXSourcesBuildPhase section */
		CF0B7BD727E68E80008B1C87 /* Sources */ = {
			isa = PBXSourcesBuildPhase;
			buildActionMask = 2147483647;
			files = (
				CF0B7BF027E68F35008B1C87 /* DataController.swift in Sources */,
				CF0B7BF427E69DC8008B1C87 /* Singer+CoreDataProperties.swift in Sources */,
				CF0B7BE127E68E80008B1C87 /* ContentView.swift in Sources */,
				CF0B7BF327E69DC8008B1C87 /* Singer+CoreDataClass.swift in Sources */,
				CF0B7BDF27E68E80008B1C87 /* CoreDataProjectApp.swift in Sources */,
				CF0B7BEE27E68EA4008B1C87 /* CoreDataProject.xcdatamodeld in Sources */,
				CF0B7BFE27E75E27008B1C87 /* Country+CoreDataProperties.swift in Sources */,
				CF0B7BFC27E75E27008B1C87 /* Candy+CoreDataProperties.swift in Sources */,
				CF0B7BF627E69FAE008B1C87 /* FilteredList.swift in Sources */,
				CF0B7BFD27E75E27008B1C87 /* Country+CoreDataClass.swift in Sources */,
				CF0B7BFB27E75E27008B1C87 /* Candy+CoreDataClass.swift in Sources */,
			);
			runOnlyForDeploymentPostprocessing = 0;
		};
/* End PBXSourcesBuildPhase section */

/* Begin XCBuildConfiguration section */
		CF0B7BE727E68E81008B1C87 /* Debug */ = {
			isa = XCBuildConfiguration;
			buildSettings = {
				ALWAYS_SEARCH_USER_PATHS = NO;
				CLANG_ANALYZER_NONNULL = YES;
				CLANG_ANALYZER_NUMBER_OBJECT_CONVERSION = YES_AGGRESSIVE;
				CLANG_CXX_LANGUAGE_STANDARD = "gnu++17";
				CLANG_ENABLE_MODULES = YES;
				CLANG_ENABLE_OBJC_ARC = YES;
				CLANG_ENABLE_OBJC_WEAK = YES;
				CLANG_WARN_BLOCK_CAPTURE_AUTORELEASING = YES;
				CLANG_WARN_BOOL_CONVERSION = YES;
				CLANG_WARN_COMMA = YES;
				CLANG_WARN_CONSTANT_CONVERSION = YES;
				CLANG_WARN_DEPRECATED_OBJC_IMPLEMENTATIONS = YES;
				CLANG_WARN_DIRECT_OBJC_ISA_USAGE = YES_ERROR;
				CLANG_WARN_DOCUMENTATION_COMMENTS = YES;
				CLANG_WARN_EMPTY_BODY = YES;
				CLANG_WARN_ENUM_CONVERSION = YES;
				CLANG_WARN_INFINITE_RECURSION = YES;
				CLANG_WARN_INT_CONVERSION = YES;
				CLANG_WARN_NON_LITERAL_NULL_CONVERSION = YES;
				CLANG_WARN_OBJC_IMPLICIT_RETAIN_SELF = YES;
				CLANG_WARN_OBJC_LITERAL_CONVERSION = YES;
				CLANG_WARN_OBJC_ROOT_CLASS = YES_ERROR;
				CLANG_WARN_QUOTED_INCLUDE_IN_FRAMEWORK_HEADER = YES;
				CLANG_WARN_RANGE_LOOP_ANALYSIS = YES;
				CLANG_WARN_STRICT_PROTOTYPES = YES;
				CLANG_WARN_SUSPICIOUS_MOVE = YES;
				CLANG_WARN_UNGUARDED_AVAILABILITY = YES_AGGRESSIVE;
				CLANG_WARN_UNREACHABLE_CODE = YES;
				CLANG_WARN__DUPLICATE_METHOD_MATCH = YES;
				COPY_PHASE_STRIP = NO;
				DEBUG_INFORMATION_FORMAT = dwarf;
				ENABLE_STRICT_OBJC_MSGSEND = YES;
				ENABLE_TESTABILITY = YES;
				GCC_C_LANGUAGE_STANDARD = gnu11;
				GCC_DYNAMIC_NO_PIC = NO;
				GCC_NO_COMMON_BLOCKS = YES;
				GCC_OPTIMIZATION_LEVEL = 0;
				GCC_PREPROCESSOR_DEFINITIONS = (
					"DEBUG=1",
					"$(inherited)",
				);
				GCC_WARN_64_TO_32_BIT_CONVERSION = YES;
				GCC_WARN_ABOUT_RETURN_TYPE = YES_ERROR;
				GCC_WARN_UNDECLARED_SELECTOR = YES;
				GCC_WARN_UNINITIALIZED_AUTOS = YES_AGGRESSIVE;
				GCC_WARN_UNUSED_FUNCTION = YES;
				GCC_WARN_UNUSED_VARIABLE = YES;
				IPHONEOS_DEPLOYMENT_TARGET = 15.4;
				MTL_ENABLE_DEBUG_INFO = INCLUDE_SOURCE;
				MTL_FAST_MATH = YES;
				ONLY_ACTIVE_ARCH = YES;
				SDKROOT = iphoneos;
				SWIFT_ACTIVE_COMPILATION_CONDITIONS = DEBUG;
				SWIFT_OPTIMIZATION_LEVEL = "-Onone";
			};
			name = Debug;
		};
		CF0B7BE827E68E81008B1C87 /* Release */ = {
			isa = XCBuildConfiguration;
			buildSettings = {
				ALWAYS_SEARCH_USER_PATHS = NO;
				CLANG_ANALYZER_NONNULL = YES;
				CLANG_ANALYZER_NUMBER_OBJECT_CONVERSION = YES_AGGRESSIVE;
				CLANG_CXX_LANGUAGE_STANDARD = "gnu++17";
				CLANG_ENABLE_MODULES = YES;
				CLANG_ENABLE_OBJC_ARC = YES;
				CLANG_ENABLE_OBJC_WEAK = YES;
				CLANG_WARN_BLOCK_CAPTURE_AUTORELEASING = YES;
				CLANG_WARN_BOOL_CONVERSION = YES;
				CLANG_WARN_COMMA = YES;
				CLANG_WARN_CONSTANT_CONVERSION = YES;
				CLANG_WARN_DEPRECATED_OBJC_IMPLEMENTATIONS = YES;
				CLANG_WARN_DIRECT_OBJC_ISA_USAGE = YES_ERROR;
				CLANG_WARN_DOCUMENTATION_COMMENTS = YES;
				CLANG_WARN_EMPTY_BODY = YES;
				CLANG_WARN_ENUM_CONVERSION = YES;
				CLANG_WARN_INFINITE_RECURSION = YES;
				CLANG_WARN_INT_CONVERSION = YES;
				CLANG_WARN_NON_LITERAL_NULL_CONVERSION = YES;
				CLANG_WARN_OBJC_IMPLICIT_RETAIN_SELF = YES;
				CLANG_WARN_OBJC_LITERAL_CONVERSION = YES;
				CLANG_WARN_OBJC_ROOT_CLASS = YES_ERROR;
				CLANG_WARN_QUOTED_INCLUDE_IN_FRAMEWORK_HEADER = YES;
				CLANG_WARN_RANGE_LOOP_ANALYSIS = YES;
				CLANG_WARN_STRICT_PROTOTYPES = YES;
				CLANG_WARN_SUSPICIOUS_MOVE = YES;
				CLANG_WARN_UNGUARDED_AVAILABILITY = YES_AGGRESSIVE;
				CLANG_WARN_UNREACHABLE_CODE = YES;
				CLANG_WARN__DUPLICATE_METHOD_MATCH = YES;
				COPY_PHASE_STRIP = NO;
				DEBUG_INFORMATION_FORMAT = "dwarf-with-dsym";
				ENABLE_NS_ASSERTIONS = NO;
				ENABLE_STRICT_OBJC_MSGSEND = YES;
				GCC_C_LANGUAGE_STANDARD = gnu11;
				GCC_NO_COMMON_BLOCKS = YES;
				GCC_WARN_64_TO_32_BIT_CONVERSION = YES;
				GCC_WARN_ABOUT_RETURN_TYPE = YES_ERROR;
				GCC_WARN_UNDECLARED_SELECTOR = YES;
				GCC_WARN_UNINITIALIZED_AUTOS = YES_AGGRESSIVE;
				GCC_WARN_UNUSED_FUNCTION = YES;
				GCC_WARN_UNUSED_VARIABLE = YES;
				IPHONEOS_DEPLOYMENT_TARGET = 15.4;
				MTL_ENABLE_DEBUG_INFO = NO;
				MTL_FAST_MATH = YES;
				SDKROOT = iphoneos;
				SWIFT_COMPILATION_MODE = wholemodule;
				SWIFT_OPTIMIZATION_LEVEL = "-O";
				VALIDATE_PRODUCT = YES;
			};
			name = Release;
		};
		CF0B7BEA27E68E81008B1C87 /* Debug */ = {
			isa = XCBuildConfiguration;
			buildSettings = {
				ASSETCATALOG_COMPILER_APPICON_NAME = AppIcon;
				ASSETCATALOG_COMPILER_GLOBAL_ACCENT_COLOR_NAME = AccentColor;
				CODE_SIGN_STYLE = Automatic;
				CURRENT_PROJECT_VERSION = 1;
				DEVELOPMENT_ASSET_PATHS = "\"CoreDataProject/Preview Content\"";
				DEVELOPMENT_TEAM = NKA7PWRC7T;
				ENABLE_PREVIEWS = YES;
				GENERATE_INFOPLIST_FILE = YES;
				INFOPLIST_KEY_UIApplicationSceneManifest_Generation = YES;
				INFOPLIST_KEY_UIApplicationSupportsIndirectInputEvents = YES;
				INFOPLIST_KEY_UILaunchScreen_Generation = YES;
				INFOPLIST_KEY_UISupportedInterfaceOrientations_iPad = "UIInterfaceOrientationPortrait UIInterfaceOrientationPortraitUpsideDown UIInterfaceOrientationLandscapeLeft UIInterfaceOrientationLandscapeRight";
				INFOPLIST_KEY_UISupportedInterfaceOrientations_iPhone = "UIInterfaceOrientationPortrait UIInterfaceOrientationLandscapeLeft UIInterfaceOrientationLandscapeRight";
				LD_RUNPATH_SEARCH_PATHS = (
					"$(inherited)",
					"@executable_path/Frameworks",
				);
				MARKETING_VERSION = 1.0;
				PRODUCT_BUNDLE_IDENTIFIER = cevatuygur.com.CoreDataProject;
				PRODUCT_NAME = "$(TARGET_NAME)";
				SWIFT_EMIT_LOC_STRINGS = YES;
				SWIFT_VERSION = 5.0;
				TARGETED_DEVICE_FAMILY = "1,2";
			};
			name = Debug;
		};
		CF0B7BEB27E68E81008B1C87 /* Release */ = {
			isa = XCBuildConfiguration;
			buildSettings = {
				ASSETCATALOG_COMPILER_APPICON_NAME = AppIcon;
				ASSETCATALOG_COMPILER_GLOBAL_ACCENT_COLOR_NAME = AccentColor;
				CODE_SIGN_STYLE = Automatic;
				CURRENT_PROJECT_VERSION = 1;
				DEVELOPMENT_ASSET_PATHS = "\"CoreDataProject/Preview Content\"";
				DEVELOPMENT_TEAM = NKA7PWRC7T;
				ENABLE_PREVIEWS = YES;
				GENERATE_INFOPLIST_FILE = YES;
				INFOPLIST_KEY_UIApplicationSceneManifest_Generation = YES;
				INFOPLIST_KEY_UIApplicationSupportsIndirectInputEvents = YES;
				INFOPLIST_KEY_UILaunchScreen_Generation = YES;
				INFOPLIST_KEY_UISupportedInterfaceOrientations_iPad = "UIInterfaceOrientationPortrait UIInterfaceOrientationPortraitUpsideDown UIInterfaceOrientationLandscapeLeft UIInterfaceOrientationLandscapeRight";
				INFOPLIST_KEY_UISupportedInterfaceOrientations_iPhone = "UIInterfaceOrientationPortrait UIInterfaceOrientationLandscapeLeft UIInterfaceOrientationLandscapeRight";
				LD_RUNPATH_SEARCH_PATHS = (
					"$(inherited)",
					"@executable_path/Frameworks",
				);
				MARKETING_VERSION = 1.0;
				PRODUCT_BUNDLE_IDENTIFIER = cevatuygur.com.CoreDataProject;
				PRODUCT_NAME = "$(TARGET_NAME)";
				SWIFT_EMIT_LOC_STRINGS = YES;
				SWIFT_VERSION = 5.0;
				TARGETED_DEVICE_FAMILY = "1,2";
			};
			name = Release;
		};
/* End XCBuildConfiguration section */

/* Begin XCConfigurationList section */
		CF0B7BD627E68E80008B1C87 /* Build configuration list for PBXProject "CoreDataProject" */ = {
			isa = XCConfigurationList;
			buildConfigurations = (
				CF0B7BE727E68E81008B1C87 /* Debug */,
				CF0B7BE827E68E81008B1C87 /* Release */,
			);
			defaultConfigurationIsVisible = 0;
			defaultConfigurationName = Release;
		};
		CF0B7BE927E68E81008B1C87 /* Build configuration list for PBXNativeTarget "CoreDataProject" */ = {
			isa = XCConfigurationList;
			buildConfigurations = (
				CF0B7BEA27E68E81008B1C87 /* Debug */,
				CF0B7BEB27E68E81008B1C87 /* Release */,
			);
			defaultConfigurationIsVisible = 0;
			defaultConfigurationName = Release;
		};
/* End XCConfigurationList section */

/* Begin XCVersionGroup section */
		CF0B7BEC27E68EA4008B1C87 /* CoreDataProject.xcdatamodeld */ = {
			isa = XCVersionGroup;
			children = (
				CF0B7BED27E68EA4008B1C87 /* CoreDataProject.xcdatamodel */,
			);
			currentVersion = CF0B7BED27E68EA4008B1C87 /* CoreDataProject.xcdatamodel */;
			path = CoreDataProject.xcdatamodeld;
			sourceTree = "<group>";
			versionGroupType = wrapper.xcdatamodel;
		};
/* End XCVersionGroup section */
	};
	rootObject = CF0B7BD327E68E80008B1C87 /* Project object */;
}
