// !$*UTF8*$!
{
	archiveVersion = 1;
	classes = {
	};
	objectVersion = 55;
	objects = {

/* Begin PBXBuildFile section */
		CF120925280F034F0073A63F /* FriendfaceApp.swift in Sources */ = {isa = PBXBuildFile; fileRef = CF120924280F034F0073A63F /* FriendfaceApp.swift */; };
		CF120927280F034F0073A63F /* ContentView.swift in Sources */ = {isa = PBXBuildFile; fileRef = CF120926280F034F0073A63F /* ContentView.swift */; };
		CF120929280F034F0073A63F /* Assets.xcassets in Resources */ = {isa = PBXBuildFile; fileRef = CF120928280F034F0073A63F /* Assets.xcassets */; };
		CF12092C280F034F0073A63F /* Preview Assets.xcassets in Resources */ = {isa = PBXBuildFile; fileRef = CF12092B280F034F0073A63F /* Preview Assets.xcassets */; };
		CF120933280F03620073A63F /* User.swift in Sources */ = {isa = PBXBuildFile; fileRef = CF120932280F03620073A63F /* User.swift */; };
		CF120935280F042C0073A63F /* Friend.swift in Sources */ = {isa = PBXBuildFile; fileRef = CF120934280F042C0073A63F /* Friend.swift */; };
		CF120937280F07980073A63F /* UserView.swift in Sources */ = {isa = PBXBuildFile; fileRef = CF120936280F07980073A63F /* UserView.swift */; };
		CF120939280F10F40073A63F /* DataController.swift in Sources */ = {isa = PBXBuildFile; fileRef = CF120938280F10F40073A63F /* DataController.swift */; };
		CF12093C280F11C40073A63F /* Friendface.xcdatamodeld in Sources */ = {isa = PBXBuildFile; fileRef = CF12093A280F11C40073A63F /* Friendface.xcdatamodeld */; };
		CF120949280F17CF0073A63F /* CachedFriend+CoreDataClass.swift in Sources */ = {isa = PBXBuildFile; fileRef = CF120945280F17CF0073A63F /* CachedFriend+CoreDataClass.swift */; };
		CF12094A280F17CF0073A63F /* CachedFriend+CoreDataProperties.swift in Sources */ = {isa = PBXBuildFile; fileRef = CF120946280F17CF0073A63F /* CachedFriend+CoreDataProperties.swift */; };
		CF12094B280F17CF0073A63F /* CachedUser+CoreDataClass.swift in Sources */ = {isa = PBXBuildFile; fileRef = CF120947280F17CF0073A63F /* CachedUser+CoreDataClass.swift */; };
		CF12094C280F17CF0073A63F /* CachedUser+CoreDataProperties.swift in Sources */ = {isa = PBXBuildFile; fileRef = CF120948280F17CF0073A63F /* CachedUser+CoreDataProperties.swift */; };
/* End PBXBuildFile section */

/* Begin PBXFileReference section */
		CF120921280F034F0073A63F /* Friendface.app */ = {isa = PBXFileReference; explicitFileType = wrapper.application; includeInIndex = 0; path = Friendface.app; sourceTree = BUILT_PRODUCTS_DIR; };
		CF120924280F034F0073A63F /* FriendfaceApp.swift */ = {isa = PBXFileReference; lastKnownFileType = sourcecode.swift; path = FriendfaceApp.swift; sourceTree = "<group>"; };
		CF120926280F034F0073A63F /* ContentView.swift */ = {isa = PBXFileReference; lastKnownFileType = sourcecode.swift; path = ContentView.swift; sourceTree = "<group>"; };
		CF120928280F034F0073A63F /* Assets.xcassets */ = {isa = PBXFileReference; lastKnownFileType = folder.assetcatalog; path = Assets.xcassets; sourceTree = "<group>"; };
		CF12092B280F034F0073A63F /* Preview Assets.xcassets */ = {isa = PBXFileReference; lastKnownFileType = folder.assetcatalog; path = "Preview Assets.xcassets"; sourceTree = "<group>"; };
		CF120932280F03620073A63F /* User.swift */ = {isa = PBXFileReference; lastKnownFileType = sourcecode.swift; path = User.swift; sourceTree = "<group>"; };
		CF120934280F042C0073A63F /* Friend.swift */ = {isa = PBXFileReference; lastKnownFileType = sourcecode.swift; path = Friend.swift; sourceTree = "<group>"; };
		CF120936280F07980073A63F /* UserView.swift */ = {isa = PBXFileReference; lastKnownFileType = sourcecode.swift; path = UserView.swift; sourceTree = "<group>"; };
		CF120938280F10F40073A63F /* DataController.swift */ = {isa = PBXFileReference; fileEncoding = 4; lastKnownFileType = sourcecode.swift; path = DataController.swift; sourceTree = "<group>"; };
		CF12093B280F11C40073A63F /* Friendface.xcdatamodel */ = {isa = PBXFileReference; lastKnownFileType = wrapper.xcdatamodel; path = Friendface.xcdatamodel; sourceTree = "<group>"; };
		CF120945280F17CF0073A63F /* CachedFriend+CoreDataClass.swift */ = {isa = PBXFileReference; lastKnownFileType = sourcecode.swift; path = "CachedFriend+CoreDataClass.swift"; sourceTree = SOURCE_ROOT; };
		CF120946280F17CF0073A63F /* CachedFriend+CoreDataProperties.swift */ = {isa = PBXFileReference; lastKnownFileType = sourcecode.swift; path = "CachedFriend+CoreDataProperties.swift"; sourceTree = SOURCE_ROOT; };
		CF120947280F17CF0073A63F /* CachedUser+CoreDataClass.swift */ = {isa = PBXFileReference; lastKnownFileType = sourcecode.swift; path = "CachedUser+CoreDataClass.swift"; sourceTree = SOURCE_ROOT; };
		CF120948280F17CF0073A63F /* CachedUser+CoreDataProperties.swift */ = {isa = PBXFileReference; lastKnownFileType = sourcecode.swift; path = "CachedUser+CoreDataProperties.swift"; sourceTree = SOURCE_ROOT; };
/* End PBXFileReference section */

/* Begin PBXFrameworksBuildPhase section */
		CF12091E280F034F0073A63F /* Frameworks */ = {
			isa = PBXFrameworksBuildPhase;
			buildActionMask = 2147483647;
			files = (
			);
			runOnlyForDeploymentPostprocessing = 0;
		};
/* End PBXFrameworksBuildPhase section */

/* Begin PBXGroup section */
		CF120918280F034F0073A63F = {
			isa = PBXGroup;
			children = (
				CF120923280F034F0073A63F /* Friendface */,
				CF120922280F034F0073A63F /* Products */,
			);
			sourceTree = "<group>";
		};
		CF120922280F034F0073A63F /* Products */ = {
			isa = PBXGroup;
			children = (
				CF120921280F034F0073A63F /* Friendface.app */,
			);
			name = Products;
			sourceTree = "<group>";
		};
		CF120923280F034F0073A63F /* Friendface */ = {
			isa = PBXGroup;
			children = (
				CF120945280F17CF0073A63F /* CachedFriend+CoreDataClass.swift */,
				CF120946280F17CF0073A63F /* CachedFriend+CoreDataProperties.swift */,
				CF120947280F17CF0073A63F /* CachedUser+CoreDataClass.swift */,
				CF120948280F17CF0073A63F /* CachedUser+CoreDataProperties.swift */,
				CF120924280F034F0073A63F /* FriendfaceApp.swift */,
				CF120926280F034F0073A63F /* ContentView.swift */,
				CF120936280F07980073A63F /* UserView.swift */,
				CF120938280F10F40073A63F /* DataController.swift */,
				CF120932280F03620073A63F /* User.swift */,
				CF120934280F042C0073A63F /* Friend.swift */,
				CF12093A280F11C40073A63F /* Friendface.xcdatamodeld */,
				CF120928280F034F0073A63F /* Assets.xcassets */,
				CF12092A280F034F0073A63F /* Preview Content */,
			);
			path = Friendface;
			sourceTree = "<group>";
		};
		CF12092A280F034F0073A63F /* Preview Content */ = {
			isa = PBXGroup;
			children = (
				CF12092B280F034F0073A63F /* Preview Assets.xcassets */,
			);
			path = "Preview Content";
			sourceTree = "<group>";
		};
/* End PBXGroup section */

/* Begin PBXNativeTarget section */
		CF120920280F034F0073A63F /* Friendface */ = {
			isa = PBXNativeTarget;
			buildConfigurationList = CF12092F280F034F0073A63F /* Build configuration list for PBXNativeTarget "Friendface" */;
			buildPhases = (
				CF12091D280F034F0073A63F /* Sources */,
				CF12091E280F034F0073A63F /* Frameworks */,
				CF12091F280F034F0073A63F /* Resources */,
			);
			buildRules = (
			);
			dependencies = (
			);
			name = Friendface;
			productName = Friendface;
			productReference = CF120921280F034F0073A63F /* Friendface.app */;
			productType = "com.apple.product-type.application";
		};
/* End PBXNativeTarget section */

/* Begin PBXProject section */
		CF120919280F034F0073A63F /* Project object */ = {
			isa = PBXProject;
			attributes = {
				BuildIndependentTargetsInParallel = 1;
				LastSwiftUpdateCheck = 1330;
				LastUpgradeCheck = 1330;
				TargetAttributes = {
					CF120920280F034F0073A63F = {
						CreatedOnToolsVersion = 13.3.1;
					};
				};
			};
			buildConfigurationList = CF12091C280F034F0073A63F /* Build configuration list for PBXProject "Friendface" */;
			compatibilityVersion = "Xcode 13.0";
			developmentRegion = en;
			hasScannedForEncodings = 0;
			knownRegions = (
				en,
				Base,
			);
			mainGroup = CF120918280F034F0073A63F;
			productRefGroup = CF120922280F034F0073A63F /* Products */;
			projectDirPath = "";
			projectRoot = "";
			targets = (
				CF120920280F034F0073A63F /* Friendface */,
			);
		};
/* End PBXProject section */

/* Begin PBXResourcesBuildPhase section */
		CF12091F280F034F0073A63F /* Resources */ = {
			isa = PBXResourcesBuildPhase;
			buildActionMask = 2147483647;
			files = (
				CF12092C280F034F0073A63F /* Preview Assets.xcassets in Resources */,
				CF120929280F034F0073A63F /* Assets.xcassets in Resources */,
			);
			runOnlyForDeploymentPostprocessing = 0;
		};
/* End PBXResourcesBuildPhase section */

/* Begin PBXSourcesBuildPhase section */
		CF12091D280F034F0073A63F /* Sources */ = {
			isa = PBXSourcesBuildPhase;
			buildActionMask = 2147483647;
			files = (
				CF120927280F034F0073A63F /* ContentView.swift in Sources */,
				CF12094A280F17CF0073A63F /* CachedFriend+CoreDataProperties.swift in Sources */,
				CF12094C280F17CF0073A63F /* CachedUser+CoreDataProperties.swift in Sources */,
				CF120939280F10F40073A63F /* DataController.swift in Sources */,
				CF120925280F034F0073A63F /* FriendfaceApp.swift in Sources */,
				CF120937280F07980073A63F /* UserView.swift in Sources */,
				CF120933280F03620073A63F /* User.swift in Sources */,
				CF12094B280F17CF0073A63F /* CachedUser+CoreDataClass.swift in Sources */,
				CF12093C280F11C40073A63F /* Friendface.xcdatamodeld in Sources */,
				CF120949280F17CF0073A63F /* CachedFriend+CoreDataClass.swift in Sources */,
				CF120935280F042C0073A63F /* Friend.swift in Sources */,
			);
			runOnlyForDeploymentPostprocessing = 0;
		};
/* End PBXSourcesBuildPhase section */

/* Begin XCBuildConfiguration section */
		CF12092D280F034F0073A63F /* Debug */ = {
			isa = XCBuildConfiguration;
			buildSettings = {
				ALWAYS_SEARCH_USER_PATHS = NO;
				CLANG_ANALYZER_NONNULL = YES;
				CLANG_ANALYZER_NUMBER_OBJECT_CONVERSION = YES_AGGRESSIVE;
				CLANG_CXX_LANGUAGE_STANDARD = "gnu++17";
				CLANG_ENABLE_MODULES = YES;
				CLANG_ENABLE_OBJC_ARC = YES;
				CLANG_ENABLE_OBJC_WEAK = YES;
				CLANG_WARN_BLOCK_CAPTURE_AUTORELEASING = YES;
				CLANG_WARN_BOOL_CONVERSION = YES;
				CLANG_WARN_COMMA = YES;
				CLANG_WARN_CONSTANT_CONVERSION = YES;
				CLANG_WARN_DEPRECATED_OBJC_IMPLEMENTATIONS = YES;
				CLANG_WARN_DIRECT_OBJC_ISA_USAGE = YES_ERROR;
				CLANG_WARN_DOCUMENTATION_COMMENTS = YES;
				CLANG_WARN_EMPTY_BODY = YES;
				CLANG_WARN_ENUM_CONVERSION = YES;
				CLANG_WARN_INFINITE_RECURSION = YES;
				CLANG_WARN_INT_CONVERSION = YES;
				CLANG_WARN_NON_LITERAL_NULL_CONVERSION = YES;
				CLANG_WARN_OBJC_IMPLICIT_RETAIN_SELF = YES;
				CLANG_WARN_OBJC_LITERAL_CONVERSION = YES;
				CLANG_WARN_OBJC_ROOT_CLASS = YES_ERROR;
				CLANG_WARN_QUOTED_INCLUDE_IN_FRAMEWORK_HEADER = YES;
				CLANG_WARN_RANGE_LOOP_ANALYSIS = YES;
				CLANG_WARN_STRICT_PROTOTYPES = YES;
				CLANG_WARN_SUSPICIOUS_MOVE = YES;
				CLANG_WARN_UNGUARDED_AVAILABILITY = YES_AGGRESSIVE;
				CLANG_WARN_UNREACHABLE_CODE = YES;
				CLANG_WARN__DUPLICATE_METHOD_MATCH = YES;
				COPY_PHASE_STRIP = NO;
				DEBUG_INFORMATION_FORMAT = dwarf;
				ENABLE_STRICT_OBJC_MSGSEND = YES;
				ENABLE_TESTABILITY = YES;
				GCC_C_LANGUAGE_STANDARD = gnu11;
				GCC_DYNAMIC_NO_PIC = NO;
				GCC_NO_COMMON_BLOCKS = YES;
				GCC_OPTIMIZATION_LEVEL = 0;
				GCC_PREPROCESSOR_DEFINITIONS = (
					"DEBUG=1",
					"$(inherited)",
				);
				GCC_WARN_64_TO_32_BIT_CONVERSION = YES;
				GCC_WARN_ABOUT_RETURN_TYPE = YES_ERROR;
				GCC_WARN_UNDECLARED_SELECTOR = YES;
				GCC_WARN_UNINITIALIZED_AUTOS = YES_AGGRESSIVE;
				GCC_WARN_UNUSED_FUNCTION = YES;
				GCC_WARN_UNUSED_VARIABLE = YES;
				IPHONEOS_DEPLOYMENT_TARGET = 15.4;
				MTL_ENABLE_DEBUG_INFO = INCLUDE_SOURCE;
				MTL_FAST_MATH = YES;
				ONLY_ACTIVE_ARCH = YES;
				SDKROOT = iphoneos;
				SWIFT_ACTIVE_COMPILATION_CONDITIONS = DEBUG;
				SWIFT_OPTIMIZATION_LEVEL = "-Onone";
			};
			name = Debug;
		};
		CF12092E280F034F0073A63F /* Release */ = {
			isa = XCBuildConfiguration;
			buildSettings = {
				ALWAYS_SEARCH_USER_PATHS = NO;
				CLANG_ANALYZER_NONNULL = YES;
				CLANG_ANALYZER_NUMBER_OBJECT_CONVERSION = YES_AGGRESSIVE;
				CLANG_CXX_LANGUAGE_STANDARD = "gnu++17";
				CLANG_ENABLE_MODULES = YES;
				CLANG_ENABLE_OBJC_ARC = YES;
				CLANG_ENABLE_OBJC_WEAK = YES;
				CLANG_WARN_BLOCK_CAPTURE_AUTORELEASING = YES;
				CLANG_WARN_BOOL_CONVERSION = YES;
				CLANG_WARN_COMMA = YES;
				CLANG_WARN_CONSTANT_CONVERSION = YES;
				CLANG_WARN_DEPRECATED_OBJC_IMPLEMENTATIONS = YES;
				CLANG_WARN_DIRECT_OBJC_ISA_USAGE = YES_ERROR;
				CLANG_WARN_DOCUMENTATION_COMMENTS = YES;
				CLANG_WARN_EMPTY_BODY = YES;
				CLANG_WARN_ENUM_CONVERSION = YES;
				CLANG_WARN_INFINITE_RECURSION = YES;
				CLANG_WARN_INT_CONVERSION = YES;
				CLANG_WARN_NON_LITERAL_NULL_CONVERSION = YES;
				CLANG_WARN_OBJC_IMPLICIT_RETAIN_SELF = YES;
				CLANG_WARN_OBJC_LITERAL_CONVERSION = YES;
				CLANG_WARN_OBJC_ROOT_CLASS = YES_ERROR;
				CLANG_WARN_QUOTED_INCLUDE_IN_FRAMEWORK_HEADER = YES;
				CLANG_WARN_RANGE_LOOP_ANALYSIS = YES;
				CLANG_WARN_STRICT_PROTOTYPES = YES;
				CLANG_WARN_SUSPICIOUS_MOVE = YES;
				CLANG_WARN_UNGUARDED_AVAILABILITY = YES_AGGRESSIVE;
				CLANG_WARN_UNREACHABLE_CODE = YES;
				CLANG_WARN__DUPLICATE_METHOD_MATCH = YES;
				COPY_PHASE_STRIP = NO;
				DEBUG_INFORMATION_FORMAT = "dwarf-with-dsym";
				ENABLE_NS_ASSERTIONS = NO;
				ENABLE_STRICT_OBJC_MSGSEND = YES;
				GCC_C_LANGUAGE_STANDARD = gnu11;
				GCC_NO_COMMON_BLOCKS = YES;
				GCC_WARN_64_TO_32_BIT_CONVERSION = YES;
				GCC_WARN_ABOUT_RETURN_TYPE = YES_ERROR;
				GCC_WARN_UNDECLARED_SELECTOR = YES;
				GCC_WARN_UNINITIALIZED_AUTOS = YES_AGGRESSIVE;
				GCC_WARN_UNUSED_FUNCTION = YES;
				GCC_WARN_UNUSED_VARIABLE = YES;
				IPHONEOS_DEPLOYMENT_TARGET = 15.4;
				MTL_ENABLE_DEBUG_INFO = NO;
				MTL_FAST_MATH = YES;
				SDKROOT = iphoneos;
				SWIFT_COMPILATION_MODE = wholemodule;
				SWIFT_OPTIMIZATION_LEVEL = "-O";
				VALIDATE_PRODUCT = YES;
			};
			name = Release;
		};
		CF120930280F034F0073A63F /* Debug */ = {
			isa = XCBuildConfiguration;
			buildSettings = {
				ASSETCATALOG_COMPILER_APPICON_NAME = AppIcon;
				ASSETCATALOG_COMPILER_GLOBAL_ACCENT_COLOR_NAME = AccentColor;
				CODE_SIGN_STYLE = Automatic;
				CURRENT_PROJECT_VERSION = 1;
				DEVELOPMENT_ASSET_PATHS = "\"Friendface/Preview Content\"";
				DEVELOPMENT_TEAM = NKA7PWRC7T;
				ENABLE_PREVIEWS = YES;
				GENERATE_INFOPLIST_FILE = YES;
				INFOPLIST_KEY_UIApplicationSceneManifest_Generation = YES;
				INFOPLIST_KEY_UIApplicationSupportsIndirectInputEvents = YES;
				INFOPLIST_KEY_UILaunchScreen_Generation = YES;
				INFOPLIST_KEY_UISupportedInterfaceOrientations_iPad = "UIInterfaceOrientationPortrait UIInterfaceOrientationPortraitUpsideDown UIInterfaceOrientationLandscapeLeft UIInterfaceOrientationLandscapeRight";
				INFOPLIST_KEY_UISupportedInterfaceOrientations_iPhone = "UIInterfaceOrientationPortrait UIInterfaceOrientationLandscapeLeft UIInterfaceOrientationLandscapeRight";
				LD_RUNPATH_SEARCH_PATHS = (
					"$(inherited)",
					"@executable_path/Frameworks",
				);
				MARKETING_VERSION = 1.0;
				PRODUCT_BUNDLE_IDENTIFIER = cevatuygur.com.Friendface;
				PRODUCT_NAME = "$(TARGET_NAME)";
				SWIFT_EMIT_LOC_STRINGS = YES;
				SWIFT_VERSION = 5.0;
				TARGETED_DEVICE_FAMILY = "1,2";
			};
			name = Debug;
		};
		CF120931280F034F0073A63F /* Release */ = {
			isa = XCBuildConfiguration;
			buildSettings = {
				ASSETCATALOG_COMPILER_APPICON_NAME = AppIcon;
				ASSETCATALOG_COMPILER_GLOBAL_ACCENT_COLOR_NAME = AccentColor;
				CODE_SIGN_STYLE = Automatic;
				CURRENT_PROJECT_VERSION = 1;
				DEVELOPMENT_ASSET_PATHS = "\"Friendface/Preview Content\"";
				DEVELOPMENT_TEAM = NKA7PWRC7T;
				ENABLE_PREVIEWS = YES;
				GENERATE_INFOPLIST_FILE = YES;
				INFOPLIST_KEY_UIApplicationSceneManifest_Generation = YES;
				INFOPLIST_KEY_UIApplicationSupportsIndirectInputEvents = YES;
				INFOPLIST_KEY_UILaunchScreen_Generation = YES;
				INFOPLIST_KEY_UISupportedInterfaceOrientations_iPad = "UIInterfaceOrientationPortrait UIInterfaceOrientationPortraitUpsideDown UIInterfaceOrientationLandscapeLeft UIInterfaceOrientationLandscapeRight";
				INFOPLIST_KEY_UISupportedInterfaceOrientations_iPhone = "UIInterfaceOrientationPortrait UIInterfaceOrientationLandscapeLeft UIInterfaceOrientationLandscapeRight";
				LD_RUNPATH_SEARCH_PATHS = (
					"$(inherited)",
					"@executable_path/Frameworks",
				);
				MARKETING_VERSION = 1.0;
				PRODUCT_BUNDLE_IDENTIFIER = cevatuygur.com.Friendface;
				PRODUCT_NAME = "$(TARGET_NAME)";
				SWIFT_EMIT_LOC_STRINGS = YES;
				SWIFT_VERSION = 5.0;
				TARGETED_DEVICE_FAMILY = "1,2";
			};
			name = Release;
		};
/* End XCBuildConfiguration section */

/* Begin XCConfigurationList section */
		CF12091C280F034F0073A63F /* Build configuration list for PBXProject "Friendface" */ = {
			isa = XCConfigurationList;
			buildConfigurations = (
				CF12092D280F034F0073A63F /* Debug */,
				CF12092E280F034F0073A63F /* Release */,
			);
			defaultConfigurationIsVisible = 0;
			defaultConfigurationName = Release;
		};
		CF12092F280F034F0073A63F /* Build configuration list for PBXNativeTarget "Friendface" */ = {
			isa = XCConfigurationList;
			buildConfigurations = (
				CF120930280F034F0073A63F /* Debug */,
				CF120931280F034F0073A63F /* Release */,
			);
			defaultConfigurationIsVisible = 0;
			defaultConfigurationName = Release;
		};
/* End XCConfigurationList section */

/* Begin XCVersionGroup section */
		CF12093A280F11C40073A63F /* Friendface.xcdatamodeld */ = {
			isa = XCVersionGroup;
			children = (
				CF12093B280F11C40073A63F /* Friendface.xcdatamodel */,
			);
			currentVersion = CF12093B280F11C40073A63F /* Friendface.xcdatamodel */;
			path = Friendface.xcdatamodeld;
			sourceTree = "<group>";
			versionGroupType = wrapper.xcdatamodel;
		};
/* End XCVersionGroup section */
	};
	rootObject = CF120919280F034F0073A63F /* Project object */;
}
